PODS:
  - MDResourceManager (0.1.2):
    - MDResourceManager/Criteria (= 0.1.2)
    - MDResourceManager/Filter (= 0.1.2)
    - MDResourceManager/Manager (= 0.1.2)
    - MDResourceManager/Parser (= 0.1.2)
    - MDResourceManager/Resource (= 0.1.2)
    - MDResourceManager/Util (= 0.1.2)
  - MDResourceManager/Criteria (0.1.2):
    - MDResourceManager/Util
  - MDResourceManager/Filter (0.1.2):
    - MDResourceManager/Criteria
    - MDResourceManager/Resource
  - MDResourceManager/Manager (0.1.2):
    - MDResourceManager/Criteria
    - MDResourceManager/Filter
    - MDResourceManager/Parser
  - MDResourceManager/Parser (0.1.2):
    - MDResourceManager/Criteria
    - MDResourceManager/Resource
  - MDResourceManager/Resource (0.1.2):
    - MDResourceManager/Criteria
  - MDResourceManager/Util (0.1.2)
  - OCMock (3.1.2)

DEPENDENCIES:
  - MDResourceManager
  - OCMock

SPEC CHECKSUMS:
  MDResourceManager: 5273371eea7cbdfe945a72b7115869593b5fa558
  OCMock: ecdd510b73ef397f2f97274785c1e87fd147c49f

COCOAPODS: 0.35.0
