PODS:
  - MDResourceManager (0.1.3):
    - MDResourceManager/Criteria (= 0.1.3)
    - MDResourceManager/Filter (= 0.1.3)
    - MDResourceManager/Manager (= 0.1.3)
    - MDResourceManager/Parser (= 0.1.3)
    - MDResourceManager/Resource (= 0.1.3)
    - MDResourceManager/Util (= 0.1.3)
  - MDResourceManager/Criteria (0.1.3):
    - MDResourceManager/Util
  - MDResourceManager/Filter (0.1.3):
    - MDResourceManager/Criteria
    - MDResourceManager/Resource
  - MDResourceManager/Manager (0.1.3):
    - MDResourceManager/Criteria
    - MDResourceManager/Filter
    - MDResourceManager/Parser
  - MDResourceManager/Parser (0.1.3):
    - MDResourceManager/Criteria
    - MDResourceManager/Resource
  - MDResourceManager/Resource (0.1.3):
    - MDResourceManager/Criteria
  - MDResourceManager/Util (0.1.3)
  - OCMock (3.1.2)

DEPENDENCIES:
  - MDResourceManager (from `../.`)
  - OCMock

EXTERNAL SOURCES:
  MDResourceManager:
    :path: ../.

SPEC CHECKSUMS:
  MDResourceManager: 2c98f0ce2da4492b4bfbc4dafa3adb9e25aae006
  OCMock: ecdd510b73ef397f2f97274785c1e87fd147c49f

COCOAPODS: 0.35.0
